
Microsoft Visual Studio Solution File, Format Version 12.00
# Visual Studio Version 17
VisualStudioVersion = 17.10.35201.131
MinimumVisualStudioVersion = 10.0.40219.1
Project("{FAE04EC0-301F-11D3-BF4B-00C04F79EFBC}") = "ERPDOMINOSPIZZA", "ERPDOMINOSPIZZA\ERPDOMINOSPIZZA.csproj", "{E857C34E-20BA-4B51-AC32-73E574B4A81A}"
EndProject
Global
	GlobalSection(SolutionConfigurationPlatforms) = preSolution
		Debug|Any CPU = Debug|Any CPU
		Release|Any CPU = Release|Any CPU
	EndGlobalSection
	GlobalSection(ProjectConfigurationPlatforms) = postSolution
		{E857C34E-20BA-4B51-AC32-73E574B4A81A}.Debug|Any CPU.ActiveCfg = Debug|Any CPU
		{E857C34E-20BA-4B51-AC32-73E574B4A81A}.Debug|Any CPU.Build.0 = Debug|Any CPU
		{E857C34E-20BA-4B51-AC32-73E574B4A81A}.Release|Any CPU.ActiveCfg = Release|Any CPU
		{E857C34E-20BA-4B51-AC32-73E574B4A81A}.Release|Any CPU.Build.0 = Release|Any CPU
	EndGlobalSection
	GlobalSection(SolutionProperties) = preSolution
		HideSolutionNode = FALSE
	EndGlobalSection
	GlobalSection(ExtensibilityGlobals) = postSolution
		SolutionGuid = {F525F373-D9B2-4850-9E5A-0285AFF1CEFF}
	EndGlobalSection
EndGlobal
